// !$*UTF8*$!
{
	archiveVersion = 1;
	classes = {
	};
	objectVersion = 50;
	objects = {

/* Begin PBXBuildFile section */
		A2369D7621DF65B6001753A0 /* AppDelegate.swift in Sources */ = {isa = PBXBuildFile; fileRef = A2369D7521DF65B6001753A0 /* AppDelegate.swift */; };
		A2369D7821DF65B6001753A0 /* ViewController.swift in Sources */ = {isa = PBXBuildFile; fileRef = A2369D7721DF65B6001753A0 /* ViewController.swift */; };
		A2369D7B21DF65B6001753A0 /* Main.storyboard in Resources */ = {isa = PBXBuildFile; fileRef = A2369D7921DF65B6001753A0 /* Main.storyboard */; };
		A2369D7D21DF65B8001753A0 /* Assets.xcassets in Resources */ = {isa = PBXBuildFile; fileRef = A2369D7C21DF65B8001753A0 /* Assets.xcassets */; };
		A2369D8021DF65B8001753A0 /* LaunchScreen.storyboard in Resources */ = {isa = PBXBuildFile; fileRef = A2369D7E21DF65B8001753A0 /* LaunchScreen.storyboard */; };
		A2369D8A21DF6647001753A0 /* EasilyAlertController.podspec in Resources */ = {isa = PBXBuildFile; fileRef = A2369D8921DF6646001753A0 /* EasilyAlertController.podspec */; };
		A2369D8D21DF6658001753A0 /* EasilyAlertController.swift in Sources */ = {isa = PBXBuildFile; fileRef = A2369D8C21DF6657001753A0 /* EasilyAlertController.swift */; };
/* End PBXBuildFile section */

/* Begin PBXFileReference section */
		A2369D7221DF65B6001753A0 /* EasilyAlertController.app */ = {isa = PBXFileReference; explicitFileType = wrapper.application; includeInIndex = 0; path = EasilyAlertController.app; sourceTree = BUILT_PRODUCTS_DIR; };
		A2369D7521DF65B6001753A0 /* AppDelegate.swift */ = {isa = PBXFileReference; lastKnownFileType = sourcecode.swift; path = AppDelegate.swift; sourceTree = "<group>"; };
		A2369D7721DF65B6001753A0 /* ViewController.swift */ = {isa = PBXFileReference; lastKnownFileType = sourcecode.swift; path = ViewController.swift; sourceTree = "<group>"; };
		A2369D7A21DF65B6001753A0 /* Base */ = {isa = PBXFileReference; lastKnownFileType = file.storyboard; name = Base; path = Base.lproj/Main.storyboard; sourceTree = "<group>"; };
		A2369D7C21DF65B8001753A0 /* Assets.xcassets */ = {isa = PBXFileReference; lastKnownFileType = folder.assetcatalog; path = Assets.xcassets; sourceTree = "<group>"; };
		A2369D7F21DF65B8001753A0 /* Base */ = {isa = PBXFileReference; lastKnownFileType = file.storyboard; name = Base; path = Base.lproj/LaunchScreen.storyboard; sourceTree = "<group>"; };
		A2369D8121DF65B8001753A0 /* Info.plist */ = {isa = PBXFileReference; lastKnownFileType = text.plist.xml; path = Info.plist; sourceTree = "<group>"; };
		A2369D8921DF6646001753A0 /* EasilyAlertController.podspec */ = {isa = PBXFileReference; explicitFileType = text.script.ruby; fileEncoding = 4; path = EasilyAlertController.podspec; sourceTree = SOURCE_ROOT; };
		A2369D8C21DF6657001753A0 /* EasilyAlertController.swift */ = {isa = PBXFileReference; fileEncoding = 4; lastKnownFileType = sourcecode.swift; path = EasilyAlertController.swift; sourceTree = "<group>"; };
/* End PBXFileReference section */

/* Begin PBXFrameworksBuildPhase section */
		A2369D6F21DF65B6001753A0 /* Frameworks */ = {
			isa = PBXFrameworksBuildPhase;
			buildActionMask = 2147483647;
			files = (
			);
			runOnlyForDeploymentPostprocessing = 0;
		};
/* End PBXFrameworksBuildPhase section */

/* Begin PBXGroup section */
		A2369D6921DF65B6001753A0 = {
			isa = PBXGroup;
			children = (
				A2369D7421DF65B6001753A0 /* EasilyAlertController */,
				A2369D7321DF65B6001753A0 /* Products */,
			);
			sourceTree = "<group>";
		};
		A2369D7321DF65B6001753A0 /* Products */ = {
			isa = PBXGroup;
			children = (
				A2369D7221DF65B6001753A0 /* EasilyAlertController.app */,
			);
			name = Products;
			sourceTree = "<group>";
		};
		A2369D7421DF65B6001753A0 /* EasilyAlertController */ = {
			isa = PBXGroup;
			children = (
				A2369D8821DF6636001753A0 /* Supporting Files */,
				A2369D8B21DF6657001753A0 /* Libs */,
				A2369D7521DF65B6001753A0 /* AppDelegate.swift */,
				A2369D7721DF65B6001753A0 /* ViewController.swift */,
				A2369D7921DF65B6001753A0 /* Main.storyboard */,
				A2369D7C21DF65B8001753A0 /* Assets.xcassets */,
				A2369D7E21DF65B8001753A0 /* LaunchScreen.storyboard */,
				A2369D8121DF65B8001753A0 /* Info.plist */,
			);
			path = EasilyAlertController;
			sourceTree = "<group>";
		};
		A2369D8821DF6636001753A0 /* Supporting Files */ = {
			isa = PBXGroup;
			children = (
				A2369D8921DF6646001753A0 /* EasilyAlertController.podspec */,
			);
			name = "Supporting Files";
			sourceTree = "<group>";
		};
		A2369D8B21DF6657001753A0 /* Libs */ = {
			isa = PBXGroup;
			children = (
				A2369D8C21DF6657001753A0 /* EasilyAlertController.swift */,
			);
			name = Libs;
			path = EasilyAlertController/Libs;
			sourceTree = SOURCE_ROOT;
		};
/* End PBXGroup section */

/* Begin PBXNativeTarget section */
		A2369D7121DF65B6001753A0 /* EasilyAlertController */ = {
			isa = PBXNativeTarget;
			buildConfigurationList = A2369D8421DF65B8001753A0 /* Build configuration list for PBXNativeTarget "EasilyAlertController" */;
			buildPhases = (
				A2369D6E21DF65B6001753A0 /* Sources */,
				A2369D6F21DF65B6001753A0 /* Frameworks */,
				A2369D7021DF65B6001753A0 /* Resources */,
			);
			buildRules = (
			);
			dependencies = (
			);
			name = EasilyAlertController;
			productName = EasilyAlertController;
			productReference = A2369D7221DF65B6001753A0 /* EasilyAlertController.app */;
			productType = "com.apple.product-type.application";
		};
/* End PBXNativeTarget section */

/* Begin PBXProject section */
		A2369D6A21DF65B6001753A0 /* Project object */ = {
			isa = PBXProject;
			attributes = {
				LastSwiftUpdateCheck = 1010;
				LastUpgradeCheck = 1010;
				ORGANIZATIONNAME = "王树军";
				TargetAttributes = {
					A2369D7121DF65B6001753A0 = {
						CreatedOnToolsVersion = 10.1;
					};
				};
			};
			buildConfigurationList = A2369D6D21DF65B6001753A0 /* Build configuration list for PBXProject "EasilyAlertController" */;
			compatibilityVersion = "Xcode 9.3";
			developmentRegion = en;
			hasScannedForEncodings = 0;
			knownRegions = (
				en,
				Base,
			);
			mainGroup = A2369D6921DF65B6001753A0;
			productRefGroup = A2369D7321DF65B6001753A0 /* Products */;
			projectDirPath = "";
			projectRoot = "";
			targets = (
				A2369D7121DF65B6001753A0 /* EasilyAlertController */,
			);
		};
/* End PBXProject section */

/* Begin PBXResourcesBuildPhase section */
		A2369D7021DF65B6001753A0 /* Resources */ = {
			isa = PBXResourcesBuildPhase;
			buildActionMask = 2147483647;
			files = (
				A2369D8A21DF6647001753A0 /* EasilyAlertController.podspec in Resources */,
				A2369D8021DF65B8001753A0 /* LaunchScreen.storyboard in Resources */,
				A2369D7D21DF65B8001753A0 /* Assets.xcassets in Resources */,
				A2369D7B21DF65B6001753A0 /* Main.storyboard in Resources */,
			);
			runOnlyForDeploymentPostprocessing = 0;
		};
/* End PBXResourcesBuildPhase section */

/* Begin PBXSourcesBuildPhase section */
		A2369D6E21DF65B6001753A0 /* Sources */ = {
			isa = PBXSourcesBuildPhase;
			buildActionMask = 2147483647;
			files = (
				A2369D8D21DF6658001753A0 /* EasilyAlertController.swift in Sources */,
				A2369D7821DF65B6001753A0 /* ViewController.swift in Sources */,
				A2369D7621DF65B6001753A0 /* AppDelegate.swift in Sources */,
			);
			runOnlyForDeploymentPostprocessing = 0;
		};
/* End PBXSourcesBuildPhase section */

/* Begin PBXVariantGroup section */
		A2369D7921DF65B6001753A0 /* Main.storyboard */ = {
			isa = PBXVariantGroup;
			children = (
				A2369D7A21DF65B6001753A0 /* Base */,
			);
			name = Main.storyboard;
			sourceTree = "<group>";
		};
		A2369D7E21DF65B8001753A0 /* LaunchScreen.storyboard */ = {
			isa = PBXVariantGroup;
			children = (
				A2369D7F21DF65B8001753A0 /* Base */,
			);
			name = LaunchScreen.storyboard;
			sourceTree = "<group>";
		};
/* End PBXVariantGroup section */

/* Begin XCBuildConfiguration section */
		A2369D8221DF65B8001753A0 /* Debug */ = {
			isa = XCBuildConfiguration;
			buildSettings = {
				ALWAYS_SEARCH_USER_PATHS = NO;
				CLANG_ANALYZER_NONNULL = YES;
				CLANG_ANALYZER_NUMBER_OBJECT_CONVERSION = YES_AGGRESSIVE;
				CLANG_CXX_LANGUAGE_STANDARD = "gnu++14";
				CLANG_CXX_LIBRARY = "libc++";
				CLANG_ENABLE_MODULES = YES;
				CLANG_ENABLE_OBJC_ARC = YES;
				CLANG_ENABLE_OBJC_WEAK = YES;
				CLANG_WARN_BLOCK_CAPTURE_AUTORELEASING = YES;
				CLANG_WARN_BOOL_CONVERSION = YES;
				CLANG_WARN_COMMA = YES;
				CLANG_WARN_CONSTANT_CONVERSION = YES;
				CLANG_WARN_DEPRECATED_OBJC_IMPLEMENTATIONS = YES;
				CLANG_WARN_DIRECT_OBJC_ISA_USAGE = YES_ERROR;
				CLANG_WARN_DOCUMENTATION_COMMENTS = YES;
				CLANG_WARN_EMPTY_BODY = YES;
				CLANG_WARN_ENUM_CONVERSION = YES;
				CLANG_WARN_INFINITE_RECURSION = YES;
				CLANG_WARN_INT_CONVERSION = YES;
				CLANG_WARN_NON_LITERAL_NULL_CONVERSION = YES;
				CLANG_WARN_OBJC_IMPLICIT_RETAIN_SELF = YES;
				CLANG_WARN_OBJC_LITERAL_CONVERSION = YES;
				CLANG_WARN_OBJC_ROOT_CLASS = YES_ERROR;
				CLANG_WARN_RANGE_LOOP_ANALYSIS = YES;
				CLANG_WARN_STRICT_PROTOTYPES = YES;
				CLANG_WARN_SUSPICIOUS_MOVE = YES;
				CLANG_WARN_UNGUARDED_AVAILABILITY = YES_AGGRESSIVE;
				CLANG_WARN_UNREACHABLE_CODE = YES;
				CLANG_WARN__DUPLICATE_METHOD_MATCH = YES;
				CODE_SIGN_IDENTITY = "iPhone Developer";
				COPY_PHASE_STRIP = NO;
				DEBUG_INFORMATION_FORMAT = dwarf;
				ENABLE_STRICT_OBJC_MSGSEND = YES;
				ENABLE_TESTABILITY = YES;
				GCC_C_LANGUAGE_STANDARD = gnu11;
				GCC_DYNAMIC_NO_PIC = NO;
				GCC_NO_COMMON_BLOCKS = YES;
				GCC_OPTIMIZATION_LEVEL = 0;
				GCC_PREPROCESSOR_DEFINITIONS = (
					"DEBUG=1",
					"$(inherited)",
				);
				GCC_WARN_64_TO_32_BIT_CONVERSION = YES;
				GCC_WARN_ABOUT_RETURN_TYPE = YES_ERROR;
				GCC_WARN_UNDECLARED_SELECTOR = YES;
				GCC_WARN_UNINITIALIZED_AUTOS = YES_AGGRESSIVE;
				GCC_WARN_UNUSED_FUNCTION = YES;
				GCC_WARN_UNUSED_VARIABLE = YES;
				IPHONEOS_DEPLOYMENT_TARGET = 12.1;
				MTL_ENABLE_DEBUG_INFO = INCLUDE_SOURCE;
				MTL_FAST_MATH = YES;
				ONLY_ACTIVE_ARCH = YES;
				SDKROOT = iphoneos;
				SWIFT_ACTIVE_COMPILATION_CONDITIONS = DEBUG;
				SWIFT_OPTIMIZATION_LEVEL = "-Onone";
			};
			name = Debug;
		};
		A2369D8321DF65B8001753A0 /* Release */ = {
			isa = XCBuildConfiguration;
			buildSettings = {
				ALWAYS_SEARCH_USER_PATHS = NO;
				CLANG_ANALYZER_NONNULL = YES;
				CLANG_ANALYZER_NUMBER_OBJECT_CONVERSION = YES_AGGRESSIVE;
				CLANG_CXX_LANGUAGE_STANDARD = "gnu++14";
				CLANG_CXX_LIBRARY = "libc++";
				CLANG_ENABLE_MODULES = YES;
				CLANG_ENABLE_OBJC_ARC = YES;
				CLANG_ENABLE_OBJC_WEAK = YES;
				CLANG_WARN_BLOCK_CAPTURE_AUTORELEASING = YES;
				CLANG_WARN_BOOL_CONVERSION = YES;
				CLANG_WARN_COMMA = YES;
				CLANG_WARN_CONSTANT_CONVERSION = YES;
				CLANG_WARN_DEPRECATED_OBJC_IMPLEMENTATIONS = YES;
				CLANG_WARN_DIRECT_OBJC_ISA_USAGE = YES_ERROR;
				CLANG_WARN_DOCUMENTATION_COMMENTS = YES;
				CLANG_WARN_EMPTY_BODY = YES;
				CLANG_WARN_ENUM_CONVERSION = YES;
				CLANG_WARN_INFINITE_RECURSION = YES;
				CLANG_WARN_INT_CONVERSION = YES;
				CLANG_WARN_NON_LITERAL_NULL_CONVERSION = YES;
				CLANG_WARN_OBJC_IMPLICIT_RETAIN_SELF = YES;
				CLANG_WARN_OBJC_LITERAL_CONVERSION = YES;
				CLANG_WARN_OBJC_ROOT_CLASS = YES_ERROR;
				CLANG_WARN_RANGE_LOOP_ANALYSIS = YES;
				CLANG_WARN_STRICT_PROTOTYPES = YES;
				CLANG_WARN_SUSPICIOUS_MOVE = YES;
				CLANG_WARN_UNGUARDED_AVAILABILITY = YES_AGGRESSIVE;
				CLANG_WARN_UNREACHABLE_CODE = YES;
				CLANG_WARN__DUPLICATE_METHOD_MATCH = YES;
				CODE_SIGN_IDENTITY = "iPhone Developer";
				COPY_PHASE_STRIP = NO;
				DEBUG_INFORMATION_FORMAT = "dwarf-with-dsym";
				ENABLE_NS_ASSERTIONS = NO;
				ENABLE_STRICT_OBJC_MSGSEND = YES;
				GCC_C_LANGUAGE_STANDARD = gnu11;
				GCC_NO_COMMON_BLOCKS = YES;
				GCC_WARN_64_TO_32_BIT_CONVERSION = YES;
				GCC_WARN_ABOUT_RETURN_TYPE = YES_ERROR;
				GCC_WARN_UNDECLARED_SELECTOR = YES;
				GCC_WARN_UNINITIALIZED_AUTOS = YES_AGGRESSIVE;
				GCC_WARN_UNUSED_FUNCTION = YES;
				GCC_WARN_UNUSED_VARIABLE = YES;
				IPHONEOS_DEPLOYMENT_TARGET = 12.1;
				MTL_ENABLE_DEBUG_INFO = NO;
				MTL_FAST_MATH = YES;
				SDKROOT = iphoneos;
				SWIFT_COMPILATION_MODE = wholemodule;
				SWIFT_OPTIMIZATION_LEVEL = "-O";
				VALIDATE_PRODUCT = YES;
			};
			name = Release;
		};
		A2369D8521DF65B8001753A0 /* Debug */ = {
			isa = XCBuildConfiguration;
			buildSettings = {
				ASSETCATALOG_COMPILER_APPICON_NAME = AppIcon;
				CODE_SIGN_STYLE = Automatic;
				DEVELOPMENT_TEAM = J9AHXPP233;
				INFOPLIST_FILE = EasilyAlertController/Info.plist;
				IPHONEOS_DEPLOYMENT_TARGET = 9.0;
				LD_RUNPATH_SEARCH_PATHS = (
					"$(inherited)",
					"@executable_path/Frameworks",
				);
				PRODUCT_BUNDLE_IDENTIFIER = com.pingan.EasilyAlertController;
				PRODUCT_NAME = "$(TARGET_NAME)";
				SWIFT_VERSION = 4.2;
				TARGETED_DEVICE_FAMILY = "1,2";
			};
			name = Debug;
		};
		A2369D8621DF65B8001753A0 /* Release */ = {
			isa = XCBuildConfiguration;
			buildSettings = {
				ASSETCATALOG_COMPILER_APPICON_NAME = AppIcon;
				CODE_SIGN_STYLE = Automatic;
				DEVELOPMENT_TEAM = J9AHXPP233;
				INFOPLIST_FILE = EasilyAlertController/Info.plist;
				IPHONEOS_DEPLOYMENT_TARGET = 9.0;
				LD_RUNPATH_SEARCH_PATHS = (
					"$(inherited)",
					"@executable_path/Frameworks",
				);
				PRODUCT_BUNDLE_IDENTIFIER = com.pingan.EasilyAlertController;
				PRODUCT_NAME = "$(TARGET_NAME)";
				SWIFT_VERSION = 4.2;
				TARGETED_DEVICE_FAMILY = "1,2";
			};
			name = Release;
		};
/* End XCBuildConfiguration section */

/* Begin XCConfigurationList section */
		A2369D6D21DF65B6001753A0 /* Build configuration list for PBXProject "EasilyAlertController" */ = {
			isa = XCConfigurationList;
			buildConfigurations = (
				A2369D8221DF65B8001753A0 /* Debug */,
				A2369D8321DF65B8001753A0 /* Release */,
			);
			defaultConfigurationIsVisible = 0;
			defaultConfigurationName = Release;
		};
		A2369D8421DF65B8001753A0 /* Build configuration list for PBXNativeTarget "EasilyAlertController" */ = {
			isa = XCConfigurationList;
			buildConfigurations = (
				A2369D8521DF65B8001753A0 /* Debug */,
				A2369D8621DF65B8001753A0 /* Release */,
			);
			defaultConfigurationIsVisible = 0;
			defaultConfigurationName = Release;
		};
/* End XCConfigurationList section */
	};
	rootObject = A2369D6A21DF65B6001753A0 /* Project object */;
}
